
Microsoft Visual Studio Solution File, Format Version 12.00
# Visual Studio Version 17
VisualStudioVersion = 17.11.35222.181
MinimumVisualStudioVersion = 10.0.40219.1
Project("{FAE04EC0-301F-11D3-BF4B-00C04F79EFBC}") = "MyFirstProgram", "MyFirstProgram\MyFirstProgram.csproj", "{FBDD8849-6C39-4649-A638-B3552B2F6B87}"
EndProject
Global
	GlobalSection(SolutionConfigurationPlatforms) = preSolution
		Debug|Any CPU = Debug|Any CPU
		Release|Any CPU = Release|Any CPU
	EndGlobalSection
	GlobalSection(ProjectConfigurationPlatforms) = postSolution
		{FBDD8849-6C39-4649-A638-B3552B2F6B87}.Debug|Any CPU.ActiveCfg = Debug|Any CPU
		{FBDD8849-6C39-4649-A638-B3552B2F6B87}.Debug|Any CPU.Build.0 = Debug|Any CPU
		{FBDD8849-6C39-4649-A638-B3552B2F6B87}.Release|Any CPU.ActiveCfg = Release|Any CPU
		{FBDD8849-6C39-4649-A638-B3552B2F6B87}.Release|Any CPU.Build.0 = Release|Any CPU
	EndGlobalSection
	GlobalSection(SolutionProperties) = preSolution
		HideSolutionNode = FALSE
	EndGlobalSection
	GlobalSection(ExtensibilityGlobals) = postSolution
		SolutionGuid = {F09B6783-C325-4216-B85A-20749A407E57}
	EndGlobalSection
EndGlobal
